// !$*UTF8*$!
{
	archiveVersion = 1;
	classes = {
	};
	objectVersion = 55;
	objects = {

/* Begin PBXBuildFile section */
		823C77DF28741736000C092F /* AppDelegate.swift in Sources */ = {isa = PBXBuildFile; fileRef = 823C77DE28741736000C092F /* AppDelegate.swift */; };
		823C77E128741736000C092F /* SceneDelegate.swift in Sources */ = {isa = PBXBuildFile; fileRef = 823C77E028741736000C092F /* SceneDelegate.swift */; };
		823C77E328741736000C092F /* ViewController.swift in Sources */ = {isa = PBXBuildFile; fileRef = 823C77E228741736000C092F /* ViewController.swift */; };
		823C77E628741736000C092F /* Main.storyboard in Resources */ = {isa = PBXBuildFile; fileRef = 823C77E428741736000C092F /* Main.storyboard */; };
		823C77E828741737000C092F /* Assets.xcassets in Resources */ = {isa = PBXBuildFile; fileRef = 823C77E728741737000C092F /* Assets.xcassets */; };
		823C77EB28741737000C092F /* LaunchScreen.storyboard in Resources */ = {isa = PBXBuildFile; fileRef = 823C77E928741737000C092F /* LaunchScreen.storyboard */; };
		823C77F628741FFE000C092F /* LocationManager.swift in Sources */ = {isa = PBXBuildFile; fileRef = 823C77F528741FFE000C092F /* LocationManager.swift */; };
/* End PBXBuildFile section */

/* Begin PBXFileReference section */
		823C77DB28741736000C092F /* DemoCoreLocation-UIKit.app */ = {isa = PBXFileReference; explicitFileType = wrapper.application; includeInIndex = 0; path = "DemoCoreLocation-UIKit.app"; sourceTree = BUILT_PRODUCTS_DIR; };
		823C77DE28741736000C092F /* AppDelegate.swift */ = {isa = PBXFileReference; lastKnownFileType = sourcecode.swift; path = AppDelegate.swift; sourceTree = "<group>"; };
		823C77E028741736000C092F /* SceneDelegate.swift */ = {isa = PBXFileReference; lastKnownFileType = sourcecode.swift; path = SceneDelegate.swift; sourceTree = "<group>"; };
		823C77E228741736000C092F /* ViewController.swift */ = {isa = PBXFileReference; lastKnownFileType = sourcecode.swift; path = ViewController.swift; sourceTree = "<group>"; };
		823C77E528741736000C092F /* Base */ = {isa = PBXFileReference; lastKnownFileType = file.storyboard; name = Base; path = Base.lproj/Main.storyboard; sourceTree = "<group>"; };
		823C77E728741737000C092F /* Assets.xcassets */ = {isa = PBXFileReference; lastKnownFileType = folder.assetcatalog; path = Assets.xcassets; sourceTree = "<group>"; };
		823C77EA28741737000C092F /* Base */ = {isa = PBXFileReference; lastKnownFileType = file.storyboard; name = Base; path = Base.lproj/LaunchScreen.storyboard; sourceTree = "<group>"; };
		823C77EC28741737000C092F /* Info.plist */ = {isa = PBXFileReference; lastKnownFileType = text.plist.xml; path = Info.plist; sourceTree = "<group>"; };
		823C77F528741FFE000C092F /* LocationManager.swift */ = {isa = PBXFileReference; lastKnownFileType = sourcecode.swift; path = LocationManager.swift; sourceTree = "<group>"; };
/* End PBXFileReference section */

/* Begin PBXFrameworksBuildPhase section */
		823C77D828741736000C092F /* Frameworks */ = {
			isa = PBXFrameworksBuildPhase;
			buildActionMask = 2147483647;
			files = (
			);
			runOnlyForDeploymentPostprocessing = 0;
		};
/* End PBXFrameworksBuildPhase section */

/* Begin PBXGroup section */
		823C77D228741736000C092F = {
			isa = PBXGroup;
			children = (
				823C77DD28741736000C092F /* DemoCoreLocation-UIKit */,
				823C77DC28741736000C092F /* Products */,
			);
			sourceTree = "<group>";
		};
		823C77DC28741736000C092F /* Products */ = {
			isa = PBXGroup;
			children = (
				823C77DB28741736000C092F /* DemoCoreLocation-UIKit.app */,
			);
			name = Products;
			sourceTree = "<group>";
		};
		823C77DD28741736000C092F /* DemoCoreLocation-UIKit */ = {
			isa = PBXGroup;
			children = (
				823C77F42874176D000C092F /* LocationManager */,
				823C77F328741756000C092F /* Controllers */,
				823C77F228741740000C092F /* AppDelegate */,
				823C77E728741737000C092F /* Assets.xcassets */,
				823C77E928741737000C092F /* LaunchScreen.storyboard */,
				823C77EC28741737000C092F /* Info.plist */,
			);
			path = "DemoCoreLocation-UIKit";
			sourceTree = "<group>";
		};
		823C77F228741740000C092F /* AppDelegate */ = {
			isa = PBXGroup;
			children = (
				823C77DE28741736000C092F /* AppDelegate.swift */,
				823C77E028741736000C092F /* SceneDelegate.swift */,
			);
			path = AppDelegate;
			sourceTree = "<group>";
		};
		823C77F328741756000C092F /* Controllers */ = {
			isa = PBXGroup;
			children = (
				823C77E228741736000C092F /* ViewController.swift */,
				823C77E428741736000C092F /* Main.storyboard */,
			);
			path = Controllers;
			sourceTree = "<group>";
		};
		823C77F42874176D000C092F /* LocationManager */ = {
			isa = PBXGroup;
			children = (
				823C77F528741FFE000C092F /* LocationManager.swift */,
			);
			path = LocationManager;
			sourceTree = "<group>";
		};
/* End PBXGroup section */

/* Begin PBXNativeTarget section */
		823C77DA28741736000C092F /* DemoCoreLocation-UIKit */ = {
			isa = PBXNativeTarget;
			buildConfigurationList = 823C77EF28741737000C092F /* Build configuration list for PBXNativeTarget "DemoCoreLocation-UIKit" */;
			buildPhases = (
				823C77D728741736000C092F /* Sources */,
				823C77D828741736000C092F /* Frameworks */,
				823C77D928741736000C092F /* Resources */,
			);
			buildRules = (
			);
			dependencies = (
			);
			name = "DemoCoreLocation-UIKit";
			productName = "DemoCoreLocation-UIKit";
			productReference = 823C77DB28741736000C092F /* DemoCoreLocation-UIKit.app */;
			productType = "com.apple.product-type.application";
		};
/* End PBXNativeTarget section */

/* Begin PBXProject section */
		823C77D328741736000C092F /* Project object */ = {
			isa = PBXProject;
			attributes = {
				BuildIndependentTargetsInParallel = 1;
				LastSwiftUpdateCheck = 1340;
				LastUpgradeCheck = 1340;
				TargetAttributes = {
					823C77DA28741736000C092F = {
						CreatedOnToolsVersion = 13.4.1;
					};
				};
			};
			buildConfigurationList = 823C77D628741736000C092F /* Build configuration list for PBXProject "DemoCoreLocation-UIKit" */;
			compatibilityVersion = "Xcode 13.0";
			developmentRegion = en;
			hasScannedForEncodings = 0;
			knownRegions = (
				en,
				Base,
			);
			mainGroup = 823C77D228741736000C092F;
			productRefGroup = 823C77DC28741736000C092F /* Products */;
			projectDirPath = "";
			projectRoot = "";
			targets = (
				823C77DA28741736000C092F /* DemoCoreLocation-UIKit */,
			);
		};
/* End PBXProject section */

/* Begin PBXResourcesBuildPhase section */
		823C77D928741736000C092F /* Resources */ = {
			isa = PBXResourcesBuildPhase;
			buildActionMask = 2147483647;
			files = (
				823C77EB28741737000C092F /* LaunchScreen.storyboard in Resources */,
				823C77E828741737000C092F /* Assets.xcassets in Resources */,
				823C77E628741736000C092F /* Main.storyboard in Resources */,
			);
			runOnlyForDeploymentPostprocessing = 0;
		};
/* End PBXResourcesBuildPhase section */

/* Begin PBXSourcesBuildPhase section */
		823C77D728741736000C092F /* Sources */ = {
			isa = PBXSourcesBuildPhase;
			buildActionMask = 2147483647;
			files = (
				823C77F628741FFE000C092F /* LocationManager.swift in Sources */,
				823C77E328741736000C092F /* ViewController.swift in Sources */,
				823C77DF28741736000C092F /* AppDelegate.swift in Sources */,
				823C77E128741736000C092F /* SceneDelegate.swift in Sources */,
			);
			runOnlyForDeploymentPostprocessing = 0;
		};
/* End PBXSourcesBuildPhase section */

/* Begin PBXVariantGroup section */
		823C77E428741736000C092F /* Main.storyboard */ = {
			isa = PBXVariantGroup;
			children = (
				823C77E528741736000C092F /* Base */,
			);
			name = Main.storyboard;
			sourceTree = "<group>";
		};
		823C77E928741737000C092F /* LaunchScreen.storyboard */ = {
			isa = PBXVariantGroup;
			children = (
				823C77EA28741737000C092F /* Base */,
			);
			name = LaunchScreen.storyboard;
			sourceTree = "<group>";
		};
/* End PBXVariantGroup section */

/* Begin XCBuildConfiguration section */
		823C77ED28741737000C092F /* Debug */ = {
			isa = XCBuildConfiguration;
			buildSettings = {
				ALWAYS_SEARCH_USER_PATHS = NO;
				CLANG_ANALYZER_NONNULL = YES;
				CLANG_ANALYZER_NUMBER_OBJECT_CONVERSION = YES_AGGRESSIVE;
				CLANG_CXX_LANGUAGE_STANDARD = "gnu++17";
				CLANG_ENABLE_MODULES = YES;
				CLANG_ENABLE_OBJC_ARC = YES;
				CLANG_ENABLE_OBJC_WEAK = YES;
				CLANG_WARN_BLOCK_CAPTURE_AUTORELEASING = YES;
				CLANG_WARN_BOOL_CONVERSION = YES;
				CLANG_WARN_COMMA = YES;
				CLANG_WARN_CONSTANT_CONVERSION = YES;
				CLANG_WARN_DEPRECATED_OBJC_IMPLEMENTATIONS = YES;
				CLANG_WARN_DIRECT_OBJC_ISA_USAGE = YES_ERROR;
				CLANG_WARN_DOCUMENTATION_COMMENTS = YES;
				CLANG_WARN_EMPTY_BODY = YES;
				CLANG_WARN_ENUM_CONVERSION = YES;
				CLANG_WARN_INFINITE_RECURSION = YES;
				CLANG_WARN_INT_CONVERSION = YES;
				CLANG_WARN_NON_LITERAL_NULL_CONVERSION = YES;
				CLANG_WARN_OBJC_IMPLICIT_RETAIN_SELF = YES;
				CLANG_WARN_OBJC_LITERAL_CONVERSION = YES;
				CLANG_WARN_OBJC_ROOT_CLASS = YES_ERROR;
				CLANG_WARN_QUOTED_INCLUDE_IN_FRAMEWORK_HEADER = YES;
				CLANG_WARN_RANGE_LOOP_ANALYSIS = YES;
				CLANG_WARN_STRICT_PROTOTYPES = YES;
				CLANG_WARN_SUSPICIOUS_MOVE = YES;
				CLANG_WARN_UNGUARDED_AVAILABILITY = YES_AGGRESSIVE;
				CLANG_WARN_UNREACHABLE_CODE = YES;
				CLANG_WARN__DUPLICATE_METHOD_MATCH = YES;
				COPY_PHASE_STRIP = NO;
				DEBUG_INFORMATION_FORMAT = dwarf;
				ENABLE_STRICT_OBJC_MSGSEND = YES;
				ENABLE_TESTABILITY = YES;
				GCC_C_LANGUAGE_STANDARD = gnu11;
				GCC_DYNAMIC_NO_PIC = NO;
				GCC_NO_COMMON_BLOCKS = YES;
				GCC_OPTIMIZATION_LEVEL = 0;
				GCC_PREPROCESSOR_DEFINITIONS = (
					"DEBUG=1",
					"$(inherited)",
				);
				GCC_WARN_64_TO_32_BIT_CONVERSION = YES;
				GCC_WARN_ABOUT_RETURN_TYPE = YES_ERROR;
				GCC_WARN_UNDECLARED_SELECTOR = YES;
				GCC_WARN_UNINITIALIZED_AUTOS = YES_AGGRESSIVE;
				GCC_WARN_UNUSED_FUNCTION = YES;
				GCC_WARN_UNUSED_VARIABLE = YES;
				IPHONEOS_DEPLOYMENT_TARGET = 15.5;
				MTL_ENABLE_DEBUG_INFO = INCLUDE_SOURCE;
				MTL_FAST_MATH = YES;
				ONLY_ACTIVE_ARCH = YES;
				SDKROOT = iphoneos;
				SWIFT_ACTIVE_COMPILATION_CONDITIONS = DEBUG;
				SWIFT_OPTIMIZATION_LEVEL = "-Onone";
			};
			name = Debug;
		};
		823C77EE28741737000C092F /* Release */ = {
			isa = XCBuildConfiguration;
			buildSettings = {
				ALWAYS_SEARCH_USER_PATHS = NO;
				CLANG_ANALYZER_NONNULL = YES;
				CLANG_ANALYZER_NUMBER_OBJECT_CONVERSION = YES_AGGRESSIVE;
				CLANG_CXX_LANGUAGE_STANDARD = "gnu++17";
				CLANG_ENABLE_MODULES = YES;
				CLANG_ENABLE_OBJC_ARC = YES;
				CLANG_ENABLE_OBJC_WEAK = YES;
				CLANG_WARN_BLOCK_CAPTURE_AUTORELEASING = YES;
				CLANG_WARN_BOOL_CONVERSION = YES;
				CLANG_WARN_COMMA = YES;
				CLANG_WARN_CONSTANT_CONVERSION = YES;
				CLANG_WARN_DEPRECATED_OBJC_IMPLEMENTATIONS = YES;
				CLANG_WARN_DIRECT_OBJC_ISA_USAGE = YES_ERROR;
				CLANG_WARN_DOCUMENTATION_COMMENTS = YES;
				CLANG_WARN_EMPTY_BODY = YES;
				CLANG_WARN_ENUM_CONVERSION = YES;
				CLANG_WARN_INFINITE_RECURSION = YES;
				CLANG_WARN_INT_CONVERSION = YES;
				CLANG_WARN_NON_LITERAL_NULL_CONVERSION = YES;
				CLANG_WARN_OBJC_IMPLICIT_RETAIN_SELF = YES;
				CLANG_WARN_OBJC_LITERAL_CONVERSION = YES;
				CLANG_WARN_OBJC_ROOT_CLASS = YES_ERROR;
				CLANG_WARN_QUOTED_INCLUDE_IN_FRAMEWORK_HEADER = YES;
				CLANG_WARN_RANGE_LOOP_ANALYSIS = YES;
				CLANG_WARN_STRICT_PROTOTYPES = YES;
				CLANG_WARN_SUSPICIOUS_MOVE = YES;
				CLANG_WARN_UNGUARDED_AVAILABILITY = YES_AGGRESSIVE;
				CLANG_WARN_UNREACHABLE_CODE = YES;
				CLANG_WARN__DUPLICATE_METHOD_MATCH = YES;
				COPY_PHASE_STRIP = NO;
				DEBUG_INFORMATION_FORMAT = "dwarf-with-dsym";
				ENABLE_NS_ASSERTIONS = NO;
				ENABLE_STRICT_OBJC_MSGSEND = YES;
				GCC_C_LANGUAGE_STANDARD = gnu11;
				GCC_NO_COMMON_BLOCKS = YES;
				GCC_WARN_64_TO_32_BIT_CONVERSION = YES;
				GCC_WARN_ABOUT_RETURN_TYPE = YES_ERROR;
				GCC_WARN_UNDECLARED_SELECTOR = YES;
				GCC_WARN_UNINITIALIZED_AUTOS = YES_AGGRESSIVE;
				GCC_WARN_UNUSED_FUNCTION = YES;
				GCC_WARN_UNUSED_VARIABLE = YES;
				IPHONEOS_DEPLOYMENT_TARGET = 15.5;
				MTL_ENABLE_DEBUG_INFO = NO;
				MTL_FAST_MATH = YES;
				SDKROOT = iphoneos;
				SWIFT_COMPILATION_MODE = wholemodule;
				SWIFT_OPTIMIZATION_LEVEL = "-O";
				VALIDATE_PRODUCT = YES;
			};
			name = Release;
		};
		823C77F028741737000C092F /* Debug */ = {
			isa = XCBuildConfiguration;
			buildSettings = {
				ASSETCATALOG_COMPILER_APPICON_NAME = AppIcon;
				ASSETCATALOG_COMPILER_GLOBAL_ACCENT_COLOR_NAME = AccentColor;
				CODE_SIGN_STYLE = Automatic;
				CURRENT_PROJECT_VERSION = 1;
				DEVELOPMENT_TEAM = MUNTKTLAJH;
				GENERATE_INFOPLIST_FILE = YES;
				INFOPLIST_FILE = "DemoCoreLocation-UIKit/Info.plist";
				INFOPLIST_KEY_NSLocationAlwaysAndWhenInUseUsageDescription = "Cần lấy vị trí người dùng để sử dụng cho các tính năng của ứng dụng.";
				INFOPLIST_KEY_NSLocationWhenInUseUsageDescription = "Cần lấy vị trí người dùng để sử dụng cho các tính năng của ứng dụng.";
				INFOPLIST_KEY_UIApplicationSupportsIndirectInputEvents = YES;
				INFOPLIST_KEY_UILaunchStoryboardName = LaunchScreen;
				INFOPLIST_KEY_UIMainStoryboardFile = Main;
				INFOPLIST_KEY_UISupportedInterfaceOrientations_iPad = "UIInterfaceOrientationPortrait UIInterfaceOrientationPortraitUpsideDown UIInterfaceOrientationLandscapeLeft UIInterfaceOrientationLandscapeRight";
				INFOPLIST_KEY_UISupportedInterfaceOrientations_iPhone = "UIInterfaceOrientationPortrait UIInterfaceOrientationLandscapeLeft UIInterfaceOrientationLandscapeRight";
				IPHONEOS_DEPLOYMENT_TARGET = 13.0;
				LD_RUNPATH_SEARCH_PATHS = (
					"$(inherited)",
					"@executable_path/Frameworks",
				);
				MARKETING_VERSION = 1.0;
				PRODUCT_BUNDLE_IDENTIFIER = "com.demo.DemoCoreLocation-UIKit";
				PRODUCT_NAME = "$(TARGET_NAME)";
				SWIFT_EMIT_LOC_STRINGS = YES;
				SWIFT_VERSION = 5.0;
				TARGETED_DEVICE_FAMILY = "1,2";
			};
			name = Debug;
		};
		823C77F128741737000C092F /* Release */ = {
			isa = XCBuildConfiguration;
			buildSettings = {
				ASSETCATALOG_COMPILER_APPICON_NAME = AppIcon;
				ASSETCATALOG_COMPILER_GLOBAL_ACCENT_COLOR_NAME = AccentColor;
				CODE_SIGN_STYLE = Automatic;
				CURRENT_PROJECT_VERSION = 1;
				DEVELOPMENT_TEAM = MUNTKTLAJH;
				GENERATE_INFOPLIST_FILE = YES;
				INFOPLIST_FILE = "DemoCoreLocation-UIKit/Info.plist";
				INFOPLIST_KEY_NSLocationAlwaysAndWhenInUseUsageDescription = "Cần lấy vị trí người dùng để sử dụng cho các tính năng của ứng dụng.";
				INFOPLIST_KEY_NSLocationWhenInUseUsageDescription = "Cần lấy vị trí người dùng để sử dụng cho các tính năng của ứng dụng.";
				INFOPLIST_KEY_UIApplicationSupportsIndirectInputEvents = YES;
				INFOPLIST_KEY_UILaunchStoryboardName = LaunchScreen;
				INFOPLIST_KEY_UIMainStoryboardFile = Main;
				INFOPLIST_KEY_UISupportedInterfaceOrientations_iPad = "UIInterfaceOrientationPortrait UIInterfaceOrientationPortraitUpsideDown UIInterfaceOrientationLandscapeLeft UIInterfaceOrientationLandscapeRight";
				INFOPLIST_KEY_UISupportedInterfaceOrientations_iPhone = "UIInterfaceOrientationPortrait UIInterfaceOrientationLandscapeLeft UIInterfaceOrientationLandscapeRight";
				IPHONEOS_DEPLOYMENT_TARGET = 13.0;
				LD_RUNPATH_SEARCH_PATHS = (
					"$(inherited)",
					"@executable_path/Frameworks",
				);
				MARKETING_VERSION = 1.0;
				PRODUCT_BUNDLE_IDENTIFIER = "com.demo.DemoCoreLocation-UIKit";
				PRODUCT_NAME = "$(TARGET_NAME)";
				SWIFT_EMIT_LOC_STRINGS = YES;
				SWIFT_VERSION = 5.0;
				TARGETED_DEVICE_FAMILY = "1,2";
			};
			name = Release;
		};
/* End XCBuildConfiguration section */

/* Begin XCConfigurationList section */
		823C77D628741736000C092F /* Build configuration list for PBXProject "DemoCoreLocation-UIKit" */ = {
			isa = XCConfigurationList;
			buildConfigurations = (
				823C77ED28741737000C092F /* Debug */,
				823C77EE28741737000C092F /* Release */,
			);
			defaultConfigurationIsVisible = 0;
			defaultConfigurationName = Release;
		};
		823C77EF28741737000C092F /* Build configuration list for PBXNativeTarget "DemoCoreLocation-UIKit" */ = {
			isa = XCConfigurationList;
			buildConfigurations = (
				823C77F028741737000C092F /* Debug */,
				823C77F128741737000C092F /* Release */,
			);
			defaultConfigurationIsVisible = 0;
			defaultConfigurationName = Release;
		};
/* End XCConfigurationList section */
	};
	rootObject = 823C77D328741736000C092F /* Project object */;
}
